
Microsoft Visual Studio Solution File, Format Version 12.00
# Visual Studio Version 17
VisualStudioVersion = 17.11.35327.3
MinimumVisualStudioVersion = 10.0.40219.1
Project("{9A19103F-16F7-4668-BE54-9A1E7A4F7556}") = "DjayAccounts.Api", "DjayAccounts.Api\DjayAccounts.Api.csproj", "{DBDE268D-5830-4489-9B59-148B894BC103}"
EndProject
Project("{2150E333-8FDC-42A3-9474-1A3956D46DE8}") = "Solution Items", "Solution Items", "{5A3F827B-6B84-4EB7-9D5F-9F6E1EC09189}"
	ProjectSection(SolutionItems) = preProject
		README.md = README.md
	EndProjectSection
EndProject
Project("{FAE04EC0-301F-11D3-BF4B-00C04F79EFBC}") = "DjayAccounts.DbPersistence", "DjayAccounts.DbPersistence\DjayAccounts.DbPersistence.csproj", "{B5603B08-53EB-491D-8BCC-280F3345988F}"
EndProject
Project("{FAE04EC0-301F-11D3-BF4B-00C04F79EFBC}") = "DjayAccounts.Core", "DjayAccounts.Core\DjayAccounts.Core.csproj", "{ADCF011E-C865-40FC-9876-1C78195F8BEA}"
EndProject
Project("{FAE04EC0-301F-11D3-BF4B-00C04F79EFBC}") = "DjayAccounts.EntityFramework", "DjayAccounts.EntityFramework\DjayAccounts.EntityFramework.csproj", "{B8F3DFF4-96F5-4D72-AD2D-F04535C141E1}"
EndProject
Project("{FAE04EC0-301F-11D3-BF4B-00C04F79EFBC}") = "DjayAccounts.UnitTests", "DjayAccounts.UnitTests\DjayAccounts.UnitTests.csproj", "{84E59CD0-D37F-4023-9A1D-F6337C04AFE4}"
EndProject
Global
	GlobalSection(SolutionConfigurationPlatforms) = preSolution
		Debug|Any CPU = Debug|Any CPU
		Release|Any CPU = Release|Any CPU
	EndGlobalSection
	GlobalSection(ProjectConfigurationPlatforms) = postSolution
		{DBDE268D-5830-4489-9B59-148B894BC103}.Debug|Any CPU.ActiveCfg = Debug|Any CPU
		{DBDE268D-5830-4489-9B59-148B894BC103}.Debug|Any CPU.Build.0 = Debug|Any CPU
		{DBDE268D-5830-4489-9B59-148B894BC103}.Release|Any CPU.ActiveCfg = Release|Any CPU
		{DBDE268D-5830-4489-9B59-148B894BC103}.Release|Any CPU.Build.0 = Release|Any CPU
		{B5603B08-53EB-491D-8BCC-280F3345988F}.Debug|Any CPU.ActiveCfg = Debug|Any CPU
		{B5603B08-53EB-491D-8BCC-280F3345988F}.Debug|Any CPU.Build.0 = Debug|Any CPU
		{B5603B08-53EB-491D-8BCC-280F3345988F}.Release|Any CPU.ActiveCfg = Release|Any CPU
		{B5603B08-53EB-491D-8BCC-280F3345988F}.Release|Any CPU.Build.0 = Release|Any CPU
		{ADCF011E-C865-40FC-9876-1C78195F8BEA}.Debug|Any CPU.ActiveCfg = Debug|Any CPU
		{ADCF011E-C865-40FC-9876-1C78195F8BEA}.Debug|Any CPU.Build.0 = Debug|Any CPU
		{ADCF011E-C865-40FC-9876-1C78195F8BEA}.Release|Any CPU.ActiveCfg = Release|Any CPU
		{ADCF011E-C865-40FC-9876-1C78195F8BEA}.Release|Any CPU.Build.0 = Release|Any CPU
		{B8F3DFF4-96F5-4D72-AD2D-F04535C141E1}.Debug|Any CPU.ActiveCfg = Debug|Any CPU
		{B8F3DFF4-96F5-4D72-AD2D-F04535C141E1}.Debug|Any CPU.Build.0 = Debug|Any CPU
		{B8F3DFF4-96F5-4D72-AD2D-F04535C141E1}.Release|Any CPU.ActiveCfg = Release|Any CPU
		{B8F3DFF4-96F5-4D72-AD2D-F04535C141E1}.Release|Any CPU.Build.0 = Release|Any CPU
		{84E59CD0-D37F-4023-9A1D-F6337C04AFE4}.Debug|Any CPU.ActiveCfg = Debug|Any CPU
		{84E59CD0-D37F-4023-9A1D-F6337C04AFE4}.Debug|Any CPU.Build.0 = Debug|Any CPU
		{84E59CD0-D37F-4023-9A1D-F6337C04AFE4}.Release|Any CPU.ActiveCfg = Release|Any CPU
		{84E59CD0-D37F-4023-9A1D-F6337C04AFE4}.Release|Any CPU.Build.0 = Release|Any CPU
	EndGlobalSection
	GlobalSection(SolutionProperties) = preSolution
		HideSolutionNode = FALSE
	EndGlobalSection
	GlobalSection(ExtensibilityGlobals) = postSolution
		SolutionGuid = {EFCF5FAB-6BC6-46BF-AC28-A6BC3851B2A0}
	EndGlobalSection
EndGlobal
